<?xml version="1.0" encoding="UTF-8"?>
<Scheme
   version = "1.3">
   <BuildAction>
      <BuildActionEntries>
         <BuildActionEntry
            buildForRunning = "YES">
            <BuildableReference
               BuildableIdentifier = "primary"
               BlueprintIdentifier = "A1B2C3D4E5F60708090A1061"
               BuildableName = "TuIndiceHost.app"
               BlueprintName = "TuIndiceHost"
               ReferencedContainer = "container:TuIndiceHost.xcodeproj">
            </BuildableReference>
         </BuildActionEntry>
      </BuildActionEntries>
   </BuildAction>
   <LaunchAction
      useCustomWorkingDirectory = "NO"
      buildConfiguration = "Debug"
      allowLocationSimulation = "YES">
      <BuildableProductRunnable>
         <BuildableReference
            BuildableIdentifier = "primary"
            BlueprintIdentifier = "A1B2C3D4E5F60708090A1061"
            BuildableName = "TuIndiceHost.app"
            BlueprintName = "TuIndiceHost"
            ReferencedContainer = "container:TuIndiceHost.xcodeproj">
         </BuildableReference>
      </BuildableProductRunnable>
   </LaunchAction>
</Scheme>
